lockfileVersion: '9.0'

settings:
  autoInstallPeers: true
  excludeLinksFromLockfile: false

importers:

  .:
    dependencies:
      '@noble/ciphers':
        specifier: ^2.4.0
        version: 2.4.0
      '@noble/curves':
        specifier: ^2.4.0
        version: 2.4.0
      '@noble/hashes':
        specifier: ^2.4.0
        version: 2.4.0
      '@noble/post-quantum':
        specifier: ^0.7.1
        version: 0.7.1
    devDependencies:
      typescript:
        specifier: ^6.0.0
        version: 6.0.3

packages:

  '@noble/ciphers@2.4.0':
    resolution: {integrity: sha512-AnjFn0Jv92laAkvMrghlFZq4qQCIN/4DxFV/eooqtC2YTjB7kBeLMS2T9KJX4Dn+ZVXLOwK0lSgqDtx9gvxtiw==}
    engines: {node: '>= 20.19.0'}

  '@noble/curves@2.4.0':
    resolution: {integrity: sha512-P4/62zrgfH33CneE3Dn4WhJVA22YUU0eR51wKIan4NVRvwsA0YnPTwWGpNbpuacSujmSFLvyzpyuR30+fbq2Ew==}
    engines: {node: '>= 20.19.0'}

  '@noble/hashes@2.4.0':
    resolution: {integrity: sha512-X5XaVWZIBCT7HHZGm5I7ZQXDwLG+bGXuSrMQAW+7Zvl87h1kmc1ZB1VSRJcpUfoUrGQp4Fkoxm5kZ+Ms+aW+eA==}
    engines: {node: '>= 20.19.0'}

  '@noble/post-quantum@0.7.1':
    resolution: {integrity: sha512-+P9981IiAnVh+rmcubozzVwrEy3XsN/tMhTnvsjV9VDaYpOnNCqWqKo2FLWxbu92YHfjGIlE5XnW175UK+ln+Q==}
    engines: {node: '>= 20.19.0'}

  typescript@6.0.3:
    resolution: {integrity: sha512-y2TvuxSZPDyQakkFRPZHKFm+KKVqIisdg9/CZwm9ftvKXLP8NRWj38/ODjNbr43SsoXqNuAisEf1GdCxqWcdBw==}
    engines: {node: '>=14.17'}
    hasBin: true

snapshots:

  '@noble/ciphers@2.4.0': {}

  '@noble/curves@2.4.0':
    dependencies:
      '@noble/hashes': 2.4.0

  '@noble/hashes@2.4.0': {}

  '@noble/post-quantum@0.7.1':
    dependencies:
      '@noble/ciphers': 2.4.0
      '@noble/curves': 2.4.0
      '@noble/hashes': 2.4.0

  typescript@6.0.3: {}
